
Microsoft Visual Studio Solution File, Format Version 12.00
# Visual Studio 2013
VisualStudioVersion = 12.0.30723.0
MinimumVisualStudioVersion = 10.0.40219.1
Project("{FAE04EC0-301F-11D3-BF4B-00C04F79EFBC}") = "TeamTaskboard.Models", "TeamTaskboard.Models\TeamTaskboard.Models.csproj", "{37347F47-EF10-4678-A9A7-60C71A0BF14A}"
EndProject
Project("{FAE04EC0-301F-11D3-BF4B-00C04F79EFBC}") = "TeamTaskboard.Data", "TeamTaskboard.Data\TeamTaskboard.Data.csproj", "{F57451A1-D7AA-46E4-AFD9-6FADA225ED1C}"
EndProject
Project("{FAE04EC0-301F-11D3-BF4B-00C04F79EFBC}") = "TeamTaskboard.Web", "TeamTaskboard.Web\TeamTaskboard.Web.csproj", "{CC1AEA83-FC21-4536-890E-732C7B705E8D}"
EndProject
Project("{FAE04EC0-301F-11D3-BF4B-00C04F79EFBC}") = "TeamTaskboard.Web.Tests", "TeamTaskboard.Web.Tests\TeamTaskboard.Web.Tests.csproj", "{88779DED-4C75-4401-9FA6-3229AF6663F6}"
EndProject
Global
	GlobalSection(SolutionConfigurationPlatforms) = preSolution
		Debug|Any CPU = Debug|Any CPU
		Release|Any CPU = Release|Any CPU
	EndGlobalSection
	GlobalSection(ProjectConfigurationPlatforms) = postSolution
		{37347F47-EF10-4678-A9A7-60C71A0BF14A}.Debug|Any CPU.ActiveCfg = Debug|Any CPU
		{37347F47-EF10-4678-A9A7-60C71A0BF14A}.Debug|Any CPU.Build.0 = Debug|Any CPU
		{37347F47-EF10-4678-A9A7-60C71A0BF14A}.Release|Any CPU.ActiveCfg = Release|Any CPU
		{37347F47-EF10-4678-A9A7-60C71A0BF14A}.Release|Any CPU.Build.0 = Release|Any CPU
		{F57451A1-D7AA-46E4-AFD9-6FADA225ED1C}.Debug|Any CPU.ActiveCfg = Debug|Any CPU
		{F57451A1-D7AA-46E4-AFD9-6FADA225ED1C}.Debug|Any CPU.Build.0 = Debug|Any CPU
		{F57451A1-D7AA-46E4-AFD9-6FADA225ED1C}.Release|Any CPU.ActiveCfg = Release|Any CPU
		{F57451A1-D7AA-46E4-AFD9-6FADA225ED1C}.Release|Any CPU.Build.0 = Release|Any CPU
		{CC1AEA83-FC21-4536-890E-732C7B705E8D}.Debug|Any CPU.ActiveCfg = Debug|Any CPU
		{CC1AEA83-FC21-4536-890E-732C7B705E8D}.Debug|Any CPU.Build.0 = Debug|Any CPU
		{CC1AEA83-FC21-4536-890E-732C7B705E8D}.Release|Any CPU.ActiveCfg = Release|Any CPU
		{CC1AEA83-FC21-4536-890E-732C7B705E8D}.Release|Any CPU.Build.0 = Release|Any CPU
		{88779DED-4C75-4401-9FA6-3229AF6663F6}.Debug|Any CPU.ActiveCfg = Debug|Any CPU
		{88779DED-4C75-4401-9FA6-3229AF6663F6}.Debug|Any CPU.Build.0 = Debug|Any CPU
		{88779DED-4C75-4401-9FA6-3229AF6663F6}.Release|Any CPU.ActiveCfg = Release|Any CPU
		{88779DED-4C75-4401-9FA6-3229AF6663F6}.Release|Any CPU.Build.0 = Release|Any CPU
	EndGlobalSection
	GlobalSection(SolutionProperties) = preSolution
		HideSolutionNode = FALSE
	EndGlobalSection
EndGlobal
