
Microsoft Visual Studio Solution File, Format Version 12.00
# Visual Studio 2013
VisualStudioVersion = 12.0.30723.0
MinimumVisualStudioVersion = 10.0.40219.1
Project("{FAE04EC0-301F-11D3-BF4B-00C04F79EFBC}") = "TeamTaskboard.Data", "TeamTaskboard.Data\TeamTaskboard.Data.csproj", "{5776D3C5-B11B-4ADA-AA82-0033F42079C0}"
EndProject
Project("{FAE04EC0-301F-11D3-BF4B-00C04F79EFBC}") = "TeamTaskboard.Models", "TeamTaskboard.Models\TeamTaskboard.Models.csproj", "{990BC44F-F380-4CE9-BC8C-F9A6DFDA372E}"
EndProject
Project("{FAE04EC0-301F-11D3-BF4B-00C04F79EFBC}") = "TeamTaskboard.Web", "TeamTaskboard.Web\TeamTaskboard.Web.csproj", "{F4B91579-34F2-477E-99DE-226AA05D2B43}"
EndProject
Project("{FAE04EC0-301F-11D3-BF4B-00C04F79EFBC}") = "TeamTaskboard.Web.Infrastructure", "TeamTaskboard.Web.Infrastructure\TeamTaskboard.Web.Infrastructure.csproj", "{EA1237CF-8C00-42BA-AA34-1F2432F3CFDF}"
EndProject
Project("{FAE04EC0-301F-11D3-BF4B-00C04F79EFBC}") = "TeamTaskboard.Common", "TeamTaskboard.Common\TeamTaskboard.Common.csproj", "{AFA68355-C231-44E8-B3E7-9C84E8A3514B}"
EndProject
Global
	GlobalSection(SolutionConfigurationPlatforms) = preSolution
		Debug|Any CPU = Debug|Any CPU
		Release|Any CPU = Release|Any CPU
	EndGlobalSection
	GlobalSection(ProjectConfigurationPlatforms) = postSolution
		{5776D3C5-B11B-4ADA-AA82-0033F42079C0}.Debug|Any CPU.ActiveCfg = Debug|Any CPU
		{5776D3C5-B11B-4ADA-AA82-0033F42079C0}.Debug|Any CPU.Build.0 = Debug|Any CPU
		{5776D3C5-B11B-4ADA-AA82-0033F42079C0}.Release|Any CPU.ActiveCfg = Release|Any CPU
		{5776D3C5-B11B-4ADA-AA82-0033F42079C0}.Release|Any CPU.Build.0 = Release|Any CPU
		{990BC44F-F380-4CE9-BC8C-F9A6DFDA372E}.Debug|Any CPU.ActiveCfg = Debug|Any CPU
		{990BC44F-F380-4CE9-BC8C-F9A6DFDA372E}.Debug|Any CPU.Build.0 = Debug|Any CPU
		{990BC44F-F380-4CE9-BC8C-F9A6DFDA372E}.Release|Any CPU.ActiveCfg = Release|Any CPU
		{990BC44F-F380-4CE9-BC8C-F9A6DFDA372E}.Release|Any CPU.Build.0 = Release|Any CPU
		{F4B91579-34F2-477E-99DE-226AA05D2B43}.Debug|Any CPU.ActiveCfg = Debug|Any CPU
		{F4B91579-34F2-477E-99DE-226AA05D2B43}.Debug|Any CPU.Build.0 = Debug|Any CPU
		{F4B91579-34F2-477E-99DE-226AA05D2B43}.Release|Any CPU.ActiveCfg = Release|Any CPU
		{F4B91579-34F2-477E-99DE-226AA05D2B43}.Release|Any CPU.Build.0 = Release|Any CPU
		{EA1237CF-8C00-42BA-AA34-1F2432F3CFDF}.Debug|Any CPU.ActiveCfg = Debug|Any CPU
		{EA1237CF-8C00-42BA-AA34-1F2432F3CFDF}.Debug|Any CPU.Build.0 = Debug|Any CPU
		{EA1237CF-8C00-42BA-AA34-1F2432F3CFDF}.Release|Any CPU.ActiveCfg = Release|Any CPU
		{EA1237CF-8C00-42BA-AA34-1F2432F3CFDF}.Release|Any CPU.Build.0 = Release|Any CPU
		{AFA68355-C231-44E8-B3E7-9C84E8A3514B}.Debug|Any CPU.ActiveCfg = Debug|Any CPU
		{AFA68355-C231-44E8-B3E7-9C84E8A3514B}.Debug|Any CPU.Build.0 = Debug|Any CPU
		{AFA68355-C231-44E8-B3E7-9C84E8A3514B}.Release|Any CPU.ActiveCfg = Release|Any CPU
		{AFA68355-C231-44E8-B3E7-9C84E8A3514B}.Release|Any CPU.Build.0 = Release|Any CPU
	EndGlobalSection
	GlobalSection(SolutionProperties) = preSolution
		HideSolutionNode = FALSE
	EndGlobalSection
EndGlobal
